<?xml version="1.0" encoding="utf-8"?>
<Project ToolsVersion="4.0" xmlns="http://schemas.microsoft.com/developer/msbuild/2003">
  <ItemGroup>
    <ClCompile Include="..\main.cpp" />
    <ClCompile Include="..\single_thread_tests\single_thread_tests.cpp">
      <Filter>single_thread_tests</Filter>
    </ClCompile>
    <ClCompile Include="..\bench_framework\test_session.cpp">
      <Filter>bench_framework</Filter>
    </ClCompile>
    <ClCompile Include="..\bench_framework\test_tree.cpp">
      <Filter>bench_framework</Filter>
    </ClCompile>
    <ClCompile Include="..\bench_framework\performance_test.cpp">
      <Filter>bench_framework</Filter>
    </ClCompile>
  </ItemGroup>
  <ItemGroup>
    <Filter Include="single_thread_tests">
      <UniqueIdentifier>{e8e36081-4a77-4672-9e76-08f329765da5}</UniqueIdentifier>
    </Filter>
    <Filter Include="bench_framework">
      <UniqueIdentifier>{6d0f4681-4696-4ccf-8128-1fa1bbc18ee3}</UniqueIdentifier>
    </Filter>
  </ItemGroup>
  <ItemGroup>
    <ClInclude Include="..\bench_framework\performance_test.h">
      <Filter>bench_framework</Filter>
    </ClInclude>
    <ClInclude Include="..\bench_framework\test_session.h">
      <Filter>bench_framework</Filter>
    </ClInclude>
    <ClInclude Include="..\bench_framework\test_tree.h">
      <Filter>bench_framework</Filter>
    </ClInclude>
  </ItemGroup>
</Project>