<?xml version="1.0" encoding="utf-8"?>
<Project ToolsVersion="4.0" xmlns="http://schemas.microsoft.com/developer/msbuild/2003">
  <ItemGroup>
    <Filter Include="density">
      <UniqueIdentifier>{40e862db-7a51-4ac5-ab13-97fc36184d00}</UniqueIdentifier>
    </Filter>
    <Filter Include="density\detail">
      <UniqueIdentifier>{69cd13f2-5223-44de-89a9-b1c409fc7d9a}</UniqueIdentifier>
    </Filter>
    <Filter Include="samples">
      <UniqueIdentifier>{19c7d4d9-1c1f-43bd-b78f-6338b7d9b7a0}</UniqueIdentifier>
    </Filter>
    <Filter Include="functionality_cases">
      <UniqueIdentifier>{59dbaf31-2bf8-4bcf-98e1-6ee014008b02}</UniqueIdentifier>
    </Filter>
    <Filter Include="benchmarks">
      <UniqueIdentifier>{2000a144-b50f-4adf-871c-aec8d4af6c57}</UniqueIdentifier>
    </Filter>
  </ItemGroup>
  <ItemGroup>
    <ClCompile Include="..\main.cpp" />
    <ClCompile Include="..\..\density_samples\runtime_type_sample.cpp">
      <Filter>samples</Filter>
    </ClCompile>
    <ClCompile Include="..\..\density_samples\lifo_sample.cpp">
      <Filter>samples</Filter>
    </ClCompile>
    <ClCompile Include="..\..\density_samples\function_queue_sample.cpp">
      <Filter>samples</Filter>
    </ClCompile>
    <ClCompile Include="..\..\density_samples\producer_consumer_sample.cpp">
      <Filter>samples</Filter>
    </ClCompile>
    <ClCompile Include="..\..\density_samples\misc_samples.cpp">
      <Filter>samples</Filter>
    </ClCompile>
    <ClCompile Include="..\benchmarks\bench_lifo.cpp">
      <Filter>benchmarks</Filter>
    </ClCompile>
    <ClCompile Include="..\functionality_cases\cases_lifo.cpp">
      <Filter>functionality_cases</Filter>
    </ClCompile>
    <ClCompile Include="..\functionality_cases\cases_heterogeneous_array.cpp">
      <Filter>functionality_cases</Filter>
    </ClCompile>
    <ClCompile Include="..\functionality_cases\cases_queue.cpp">
      <Filter>functionality_cases</Filter>
    </ClCompile>
    <ClCompile Include="..\benchmarks\bench_queues.cpp">
      <Filter>benchmarks</Filter>
    </ClCompile>
    <ClCompile Include="..\benchmarks\bench_function_queue.cpp">
      <Filter>benchmarks</Filter>
    </ClCompile>
    <ClCompile Include="..\benchmarks\bench_allocator.cpp">
      <Filter>benchmarks</Filter>
    </ClCompile>
    <ClCompile Include="..\functionality_cases\cases_concurrent_function_queue.cpp">
      <Filter>functionality_cases</Filter>
    </ClCompile>
    <ClCompile Include="..\functionality_cases\cases_concurrent_heterogeneous_queue.cpp">
      <Filter>functionality_cases</Filter>
    </ClCompile>
  </ItemGroup>
  <ItemGroup>
    <ClInclude Include="..\..\density\density_common.h">
      <Filter>density</Filter>
    </ClInclude>
    <ClInclude Include="..\..\density\runtime_type.h">
      <Filter>density</Filter>
    </ClInclude>
    <ClInclude Include="..\..\density\detail\queue_impl.h">
      <Filter>density\detail</Filter>
    </ClInclude>
    <ClInclude Include="..\..\density\lifo.h">
      <Filter>density</Filter>
    </ClInclude>
    <ClInclude Include="..\..\density\pointer_artithmetic.h">
      <Filter>density</Filter>
    </ClInclude>
    <ClInclude Include="..\..\density\heterogeneous_array.h">
      <Filter>density</Filter>
    </ClInclude>
    <ClInclude Include="..\..\density\heterogeneous_queue.h">
      <Filter>density</Filter>
    </ClInclude>
    <ClInclude Include="..\..\density\function_queue.h">
      <Filter>density</Filter>
    </ClInclude>
    <ClInclude Include="..\..\density\small_heterogeneous_queue.h">
      <Filter>density</Filter>
    </ClInclude>
    <ClInclude Include="..\..\density\small_function_queue.h">
      <Filter>density</Filter>
    </ClInclude>
    <ClInclude Include="..\..\density\void_allocator.h">
      <Filter>density</Filter>
    </ClInclude>
    <ClInclude Include="..\..\density\detail\array_impl.h">
      <Filter>density\detail</Filter>
    </ClInclude>
    <ClInclude Include="..\functionality_cases\shadow_container.h">
      <Filter>functionality_cases</Filter>
    </ClInclude>
    <ClInclude Include="..\functionality_cases\test_allocators.h">
      <Filter>functionality_cases</Filter>
    </ClInclude>
    <ClInclude Include="..\..\density\concurrent_heterogeneous_queue.h">
      <Filter>density</Filter>
    </ClInclude>
    <ClInclude Include="..\..\density\concurrent_function_queue.h">
      <Filter>density</Filter>
    </ClInclude>
    <ClInclude Include="..\..\density\detail\base_conc_queue_lflf.h">
      <Filter>density\detail</Filter>
    </ClInclude>
    <ClInclude Include="..\..\density\detail\hazard_pointers.h">
      <Filter>density\detail</Filter>
    </ClInclude>
    <ClInclude Include="..\..\density\page_allocator.h">
      <Filter>density</Filter>
    </ClInclude>
    <ClInclude Include="..\functionality_cases\concurrent_producer_consumer_test.h">
      <Filter>functionality_cases</Filter>
    </ClInclude>
    <ClInclude Include="..\..\density\any.h">
      <Filter>density</Filter>
    </ClInclude>
  </ItemGroup>
</Project>