
Microsoft Visual Studio Solution File, Format Version 12.00
# Visual Studio 15
VisualStudioVersion = 15.0.26403.3
MinimumVisualStudioVersion = 10.0.40219.1
Project("{8BC9CEB8-8B4A-11D0-8D11-00A0C91BC942}") = "density_tests", "density_tests.vcxproj", "{78BC9721-9B56-4B41-A7F5-495945387937}"
EndProject
Global
	GlobalSection(SolutionConfigurationPlatforms) = preSolution
		Debug|x64 = Debug|x64
		Debug|x86 = Debug|x86
		DebugClang|x64 = DebugClang|x64
		DebugClang|x86 = DebugClang|x86
		DebugClangWithDelays|x64 = DebugClangWithDelays|x64
		DebugClangWithDelays|x86 = DebugClangWithDelays|x86
		DebugWithDelays|x64 = DebugWithDelays|x64
		DebugWithDelays|x86 = DebugWithDelays|x86
		Release|x64 = Release|x64
		Release|x86 = Release|x86
		ReleaseClang|x64 = ReleaseClang|x64
		ReleaseClang|x86 = ReleaseClang|x86
		ReleaseClangWithDelays|x64 = ReleaseClangWithDelays|x64
		ReleaseClangWithDelays|x86 = ReleaseClangWithDelays|x86
		ReleaseWithDelays|x64 = ReleaseWithDelays|x64
		ReleaseWithDelays|x86 = ReleaseWithDelays|x86
	EndGlobalSection
	GlobalSection(ProjectConfigurationPlatforms) = postSolution
		{78BC9721-9B56-4B41-A7F5-495945387937}.Debug|x64.ActiveCfg = Debug|x64
		{78BC9721-9B56-4B41-A7F5-495945387937}.Debug|x64.Build.0 = Debug|x64
		{78BC9721-9B56-4B41-A7F5-495945387937}.Debug|x86.ActiveCfg = Debug|Win32
		{78BC9721-9B56-4B41-A7F5-495945387937}.Debug|x86.Build.0 = Debug|Win32
		{78BC9721-9B56-4B41-A7F5-495945387937}.DebugClang|x64.ActiveCfg = DebugClang|x64
		{78BC9721-9B56-4B41-A7F5-495945387937}.DebugClang|x64.Build.0 = DebugClang|x64
		{78BC9721-9B56-4B41-A7F5-495945387937}.DebugClang|x86.ActiveCfg = DebugClang|Win32
		{78BC9721-9B56-4B41-A7F5-495945387937}.DebugClang|x86.Build.0 = DebugClang|Win32
		{78BC9721-9B56-4B41-A7F5-495945387937}.DebugClangWithDelays|x64.ActiveCfg = DebugClangWithDelays|x64
		{78BC9721-9B56-4B41-A7F5-495945387937}.DebugClangWithDelays|x64.Build.0 = DebugClangWithDelays|x64
		{78BC9721-9B56-4B41-A7F5-495945387937}.DebugClangWithDelays|x86.ActiveCfg = DebugClangWithDelays|Win32
		{78BC9721-9B56-4B41-A7F5-495945387937}.DebugClangWithDelays|x86.Build.0 = DebugClangWithDelays|Win32
		{78BC9721-9B56-4B41-A7F5-495945387937}.DebugWithDelays|x64.ActiveCfg = DebugWithDelays|x64
		{78BC9721-9B56-4B41-A7F5-495945387937}.DebugWithDelays|x64.Build.0 = DebugWithDelays|x64
		{78BC9721-9B56-4B41-A7F5-495945387937}.DebugWithDelays|x86.ActiveCfg = DebugWithDelays|Win32
		{78BC9721-9B56-4B41-A7F5-495945387937}.DebugWithDelays|x86.Build.0 = DebugWithDelays|Win32
		{78BC9721-9B56-4B41-A7F5-495945387937}.Release|x64.ActiveCfg = Release|x64
		{78BC9721-9B56-4B41-A7F5-495945387937}.Release|x64.Build.0 = Release|x64
		{78BC9721-9B56-4B41-A7F5-495945387937}.Release|x86.ActiveCfg = Release|Win32
		{78BC9721-9B56-4B41-A7F5-495945387937}.Release|x86.Build.0 = Release|Win32
		{78BC9721-9B56-4B41-A7F5-495945387937}.ReleaseClang|x64.ActiveCfg = ReleaseClang|x64
		{78BC9721-9B56-4B41-A7F5-495945387937}.ReleaseClang|x64.Build.0 = ReleaseClang|x64
		{78BC9721-9B56-4B41-A7F5-495945387937}.ReleaseClang|x86.ActiveCfg = ReleaseClang|Win32
		{78BC9721-9B56-4B41-A7F5-495945387937}.ReleaseClang|x86.Build.0 = ReleaseClang|Win32
		{78BC9721-9B56-4B41-A7F5-495945387937}.ReleaseClangWithDelays|x64.ActiveCfg = ReleaseClangWithDelays|x64
		{78BC9721-9B56-4B41-A7F5-495945387937}.ReleaseClangWithDelays|x64.Build.0 = ReleaseClangWithDelays|x64
		{78BC9721-9B56-4B41-A7F5-495945387937}.ReleaseClangWithDelays|x86.ActiveCfg = ReleaseClangWithDelays|Win32
		{78BC9721-9B56-4B41-A7F5-495945387937}.ReleaseClangWithDelays|x86.Build.0 = ReleaseClangWithDelays|Win32
		{78BC9721-9B56-4B41-A7F5-495945387937}.ReleaseWithDelays|x64.ActiveCfg = ReleaseWithDelays|x64
		{78BC9721-9B56-4B41-A7F5-495945387937}.ReleaseWithDelays|x64.Build.0 = ReleaseWithDelays|x64
		{78BC9721-9B56-4B41-A7F5-495945387937}.ReleaseWithDelays|x86.ActiveCfg = ReleaseWithDelays|Win32
		{78BC9721-9B56-4B41-A7F5-495945387937}.ReleaseWithDelays|x86.Build.0 = ReleaseWithDelays|Win32
	EndGlobalSection
	GlobalSection(SolutionProperties) = preSolution
		HideSolutionNode = FALSE
	EndGlobalSection
EndGlobal
