
Microsoft Visual Studio Solution File, Format Version 12.00
# Visual Studio 15
VisualStudioVersion = 15.0.26403.3
MinimumVisualStudioVersion = 10.0.40219.1
Project("{8BC9CEB8-8B4A-11D0-8D11-00A0C91BC942}") = "density_tests", "density_tests.vcxproj", "{78BC9721-9B56-4B41-A7F5-495945387937}"
EndProject
Project("{8BC9CEB8-8B4A-11D0-8D11-00A0C91BC942}") = "density_bench", "..\..\bench\vs2017\density_bench.vcxproj", "{1F3F3A39-64B1-4C01-B9C2-0A4927730009}"
EndProject
Global
	GlobalSection(SolutionConfigurationPlatforms) = preSolution
		Debug|x64 = Debug|x64
		Debug|x86 = Debug|x86
		DebugConformance|x64 = DebugConformance|x64
		DebugConformance|x86 = DebugConformance|x86
		Release|x64 = Release|x64
		Release|x86 = Release|x86
		ReleaseConformance|x64 = ReleaseConformance|x64
		ReleaseConformance|x86 = ReleaseConformance|x86
	EndGlobalSection
	GlobalSection(ProjectConfigurationPlatforms) = postSolution
		{78BC9721-9B56-4B41-A7F5-495945387937}.Debug|x64.ActiveCfg = Debug|x64
		{78BC9721-9B56-4B41-A7F5-495945387937}.Debug|x64.Build.0 = Debug|x64
		{78BC9721-9B56-4B41-A7F5-495945387937}.Debug|x86.ActiveCfg = Debug|Win32
		{78BC9721-9B56-4B41-A7F5-495945387937}.Debug|x86.Build.0 = Debug|Win32
		{78BC9721-9B56-4B41-A7F5-495945387937}.DebugConformance|x64.ActiveCfg = DebugConformance|x64
		{78BC9721-9B56-4B41-A7F5-495945387937}.DebugConformance|x64.Build.0 = DebugConformance|x64
		{78BC9721-9B56-4B41-A7F5-495945387937}.DebugConformance|x86.ActiveCfg = DebugConformance|Win32
		{78BC9721-9B56-4B41-A7F5-495945387937}.DebugConformance|x86.Build.0 = DebugConformance|Win32
		{78BC9721-9B56-4B41-A7F5-495945387937}.Release|x64.ActiveCfg = Release|x64
		{78BC9721-9B56-4B41-A7F5-495945387937}.Release|x64.Build.0 = Release|x64
		{78BC9721-9B56-4B41-A7F5-495945387937}.Release|x86.ActiveCfg = Release|Win32
		{78BC9721-9B56-4B41-A7F5-495945387937}.Release|x86.Build.0 = Release|Win32
		{78BC9721-9B56-4B41-A7F5-495945387937}.ReleaseConformance|x64.ActiveCfg = ReleaseConformance|x64
		{78BC9721-9B56-4B41-A7F5-495945387937}.ReleaseConformance|x64.Build.0 = ReleaseConformance|x64
		{78BC9721-9B56-4B41-A7F5-495945387937}.ReleaseConformance|x86.ActiveCfg = ReleaseConformance|Win32
		{78BC9721-9B56-4B41-A7F5-495945387937}.ReleaseConformance|x86.Build.0 = ReleaseConformance|Win32
		{1F3F3A39-64B1-4C01-B9C2-0A4927730009}.Debug|x64.ActiveCfg = Debug|x64
		{1F3F3A39-64B1-4C01-B9C2-0A4927730009}.Debug|x64.Build.0 = Debug|x64
		{1F3F3A39-64B1-4C01-B9C2-0A4927730009}.Debug|x86.ActiveCfg = Debug|Win32
		{1F3F3A39-64B1-4C01-B9C2-0A4927730009}.Debug|x86.Build.0 = Debug|Win32
		{1F3F3A39-64B1-4C01-B9C2-0A4927730009}.DebugConformance|x64.ActiveCfg = DebugConformance|x64
		{1F3F3A39-64B1-4C01-B9C2-0A4927730009}.DebugConformance|x64.Build.0 = DebugConformance|x64
		{1F3F3A39-64B1-4C01-B9C2-0A4927730009}.DebugConformance|x86.ActiveCfg = DebugConformance|Win32
		{1F3F3A39-64B1-4C01-B9C2-0A4927730009}.DebugConformance|x86.Build.0 = DebugConformance|Win32
		{1F3F3A39-64B1-4C01-B9C2-0A4927730009}.Release|x64.ActiveCfg = Release|x64
		{1F3F3A39-64B1-4C01-B9C2-0A4927730009}.Release|x64.Build.0 = Release|x64
		{1F3F3A39-64B1-4C01-B9C2-0A4927730009}.Release|x86.ActiveCfg = Release|Win32
		{1F3F3A39-64B1-4C01-B9C2-0A4927730009}.Release|x86.Build.0 = Release|Win32
		{1F3F3A39-64B1-4C01-B9C2-0A4927730009}.ReleaseConformance|x64.ActiveCfg = ReleaseConformance|x64
		{1F3F3A39-64B1-4C01-B9C2-0A4927730009}.ReleaseConformance|x64.Build.0 = ReleaseConformance|x64
		{1F3F3A39-64B1-4C01-B9C2-0A4927730009}.ReleaseConformance|x86.ActiveCfg = ReleaseConformance|Win32
		{1F3F3A39-64B1-4C01-B9C2-0A4927730009}.ReleaseConformance|x86.Build.0 = ReleaseConformance|Win32
	EndGlobalSection
	GlobalSection(SolutionProperties) = preSolution
		HideSolutionNode = FALSE
	EndGlobalSection
	GlobalSection(ExtensibilityGlobals) = postSolution
		SolutionGuid = {3621D688-AF9F-435E-B66D-94DCDC97863E}
	EndGlobalSection
EndGlobal
